<?xml version="1.0" encoding="utf-8"?>
<Project ToolsVersion="4.0" xmlns="http://schemas.microsoft.com/developer/msbuild/2003">
  <ItemGroup>
    <Filter Include="Archivos de origen">
      <UniqueIdentifier>{4FC737F1-C7A5-4376-A066-2A32D752A2FF}</UniqueIdentifier>
      <Extensions>cpp;c;cc;cxx;c++;cppm;ixx;def;odl;idl;hpj;bat;asm;asmx</Extensions>
    </Filter>
    <Filter Include="Archivos de encabezado">
      <UniqueIdentifier>{93995380-89BD-4b04-88EB-625FBE52EBFB}</UniqueIdentifier>
      <Extensions>h;hh;hpp;hxx;h++;hm;inl;inc;ipp;xsd</Extensions>
    </Filter>
    <Filter Include="Archivos de recursos">
      <UniqueIdentifier>{67DA6AB6-F800-4c08-8B7A-83BB121AAD01}</UniqueIdentifier>
      <Extensions>rc;ico;cur;bmp;dlg;rc2;rct;bin;rgs;gif;jpg;jpeg;jpe;resx;tiff;tif;png;wav;mfcribbon-ms</Extensions>
    </Filter>
  </ItemGroup>
  <ItemGroup>
    <ClCompile Include="src\Application.cpp">
      <Filter>Archivos de origen</Filter>
    </ClCompile>
    <ClCompile Include="dependencies\IMGUI\imgui.cpp">
      <Filter>Archivos de origen</Filter>
    </ClCompile>
    <ClCompile Include="dependencies\IMGUI\imgui_demo.cpp">
      <Filter>Archivos de origen</Filter>
    </ClCompile>
    <ClCompile Include="dependencies\IMGUI\imgui_draw.cpp">
      <Filter>Archivos de origen</Filter>
    </ClCompile>
    <ClCompile Include="dependencies\IMGUI\imgui_tables.cpp">
      <Filter>Archivos de origen</Filter>
    </ClCompile>
    <ClCompile Include="dependencies\IMGUI\imgui_widgets.cpp">
      <Filter>Archivos de origen</Filter>
    </ClCompile>
    <ClCompile Include="dependencies\IMGUI\examples\imgui_impl_opengl3.cpp">
      <Filter>Archivos de origen</Filter>
    </ClCompile>
    <ClCompile Include="dependencies\IMGUI\examples\imgui_impl_glfw.cpp">
      <Filter>Archivos de origen</Filter>
    </ClCompile>
    <ClCompile Include="src\Window\MainWindow.cpp">
      <Filter>Archivos de origen</Filter>
    </ClCompile>
    <ClCompile Include="src\Main.cpp">
      <Filter>Archivos de origen</Filter>
    </ClCompile>
    <ClCompile Include="src\Context\RenderContext.cpp">
      <Filter>Archivos de origen</Filter>
    </ClCompile>
    <ClCompile Include="src\Context\UIContext.cpp">
      <Filter>Archivos de origen</Filter>
    </ClCompile>
    <ClCompile Include="src\Window\SceneWindow.cpp">
      <Filter>Archivos de origen</Filter>
    </ClCompile>
    <ClCompile Include="src\Window\HierarchyWindow.cpp">
      <Filter>Archivos de origen</Filter>
    </ClCompile>
    <ClCompile Include="src\Window\InspectorWindow.cpp">
      <Filter>Archivos de origen</Filter>
    </ClCompile>
    <ClCompile Include="dependencies\IMGUI\imgui_stdlib.cpp">
      <Filter>Archivos de origen</Filter>
    </ClCompile>
    <ClCompile Include="dependencies\IMGUIFILEDIALOG\ImGuiFileDialog.cpp">
      <Filter>Archivos de origen</Filter>
    </ClCompile>
  </ItemGroup>
  <ItemGroup>
    <ClInclude Include="dependencies\IMGUI\imconfig.h">
      <Filter>Archivos de encabezado</Filter>
    </ClInclude>
    <ClInclude Include="dependencies\IMGUI\imgui.h">
      <Filter>Archivos de encabezado</Filter>
    </ClInclude>
    <ClInclude Include="dependencies\IMGUI\imgui_internal.h">
      <Filter>Archivos de encabezado</Filter>
    </ClInclude>
    <ClInclude Include="dependencies\IMGUI\imstb_rectpack.h">
      <Filter>Archivos de encabezado</Filter>
    </ClInclude>
    <ClInclude Include="dependencies\IMGUI\imstb_textedit.h">
      <Filter>Archivos de encabezado</Filter>
    </ClInclude>
    <ClInclude Include="dependencies\IMGUI\imstb_truetype.h">
      <Filter>Archivos de encabezado</Filter>
    </ClInclude>
    <ClInclude Include="dependencies\IMGUI\examples\imgui_impl_opengl3.h">
      <Filter>Archivos de encabezado</Filter>
    </ClInclude>
    <ClInclude Include="dependencies\IMGUI\examples\imgui_impl_glfw.h">
      <Filter>Archivos de encabezado</Filter>
    </ClInclude>
    <ClInclude Include="src\Window\Window.h">
      <Filter>Archivos de encabezado</Filter>
    </ClInclude>
    <ClInclude Include="src\Window\MainWindow.h">
      <Filter>Archivos de encabezado</Filter>
    </ClInclude>
    <ClInclude Include="src\Application.h">
      <Filter>Archivos de encabezado</Filter>
    </ClInclude>
    <ClInclude Include="src\Context\RenderContext.h">
      <Filter>Archivos de encabezado</Filter>
    </ClInclude>
    <ClInclude Include="src\Context\UIContext.h">
      <Filter>Archivos de encabezado</Filter>
    </ClInclude>
    <ClInclude Include="src\Window\SceneWindow.h">
      <Filter>Archivos de encabezado</Filter>
    </ClInclude>
    <ClInclude Include="src\Window\HierarchyWindow.h">
      <Filter>Archivos de encabezado</Filter>
    </ClInclude>
    <ClInclude Include="src\Window\InspectorWindow.h">
      <Filter>Archivos de encabezado</Filter>
    </ClInclude>
    <ClInclude Include="dependencies\IMGUI\imgui_stdlib.h">
      <Filter>Archivos de encabezado</Filter>
    </ClInclude>
    <ClInclude Include="dependencies\IMGUIFILEDIALOG\ImGuiFileDialog.h">
      <Filter>Archivos de encabezado</Filter>
    </ClInclude>
    <ClInclude Include="dependencies\IMGUIFILEDIALOG\ImGuiFileDialogConfig.h">
      <Filter>Archivos de encabezado</Filter>
    </ClInclude>
    <ClInclude Include="dependencies\IMGUIFILEDIALOG\dirent\dirent.h">
      <Filter>Archivos de encabezado</Filter>
    </ClInclude>
  </ItemGroup>
  <ItemGroup>
    <Text Include="dependencies\IMGUI\LICENSE.txt" />
  </ItemGroup>
  <ItemGroup>
    <None Include="imgui.ini" />
    <None Include="shaders\deferredShading.frag" />
    <None Include="shaders\deferredShading.vert" />
    <None Include="shaders\fwRendering.v1.frag" />
    <None Include="shaders\fwRendering.v1.vert" />
    <None Include="shaders\fwRendering.v2.frag" />
    <None Include="shaders\fwRendering.v2.vert" />
    <None Include="shaders\gBuffer.frag" />
    <None Include="shaders\postProcessing.v1.frag" />
    <None Include="shaders\postProcessing.v1.vert" />
    <None Include="shaders\gBuffer.vert" />
  </ItemGroup>
</Project>